// !$*UTF8*$!
{
	archiveVersion = 1;
	classes = {
	};
	objectVersion = 55;
	objects = {

/* Begin PBXBuildFile section */
		05EBE478BC03D9FA8D18CF42 /* Pods_AisleAssessment.framework in Frameworks */ = {isa = PBXBuildFile; fileRef = E915F45F23A6DDA08685EEFE /* Pods_AisleAssessment.framework */; };
		12870A00296F94090011BF60 /* DashboardTabView.swift in Sources */ = {isa = PBXBuildFile; fileRef = 128709FF296F94090011BF60 /* DashboardTabView.swift */; };
		12870A03296F95F00011BF60 /* NoteView.swift in Sources */ = {isa = PBXBuildFile; fileRef = 12870A02296F95F00011BF60 /* NoteView.swift */; };
		12870A05296F97910011BF60 /* Extensions.swift in Sources */ = {isa = PBXBuildFile; fileRef = 12870A04296F97910011BF60 /* Extensions.swift */; };
		12870A07296F9B050011BF60 /* NoteInviteChildView.swift in Sources */ = {isa = PBXBuildFile; fileRef = 12870A06296F9B050011BF60 /* NoteInviteChildView.swift */; };
		12870A09296FA3500011BF60 /* NoteLikesChildView.swift in Sources */ = {isa = PBXBuildFile; fileRef = 12870A08296FA3500011BF60 /* NoteLikesChildView.swift */; };
		129037C0296EA866005E946D /* NoteViewModel.swift in Sources */ = {isa = PBXBuildFile; fileRef = 129037BF296EA866005E946D /* NoteViewModel.swift */; };
		129037C2296EB16D005E946D /* NoteResponse.swift in Sources */ = {isa = PBXBuildFile; fileRef = 129037C1296EB16D005E946D /* NoteResponse.swift */; };
		12DC40C5296DEC60006BFB71 /* AisleAssessmentApp.swift in Sources */ = {isa = PBXBuildFile; fileRef = 12DC40C4296DEC60006BFB71 /* AisleAssessmentApp.swift */; };
		12DC40C7296DEC60006BFB71 /* ContentView.swift in Sources */ = {isa = PBXBuildFile; fileRef = 12DC40C6296DEC60006BFB71 /* ContentView.swift */; };
		12DC40C9296DEC61006BFB71 /* Assets.xcassets in Resources */ = {isa = PBXBuildFile; fileRef = 12DC40C8296DEC61006BFB71 /* Assets.xcassets */; };
		12DC40CC296DEC61006BFB71 /* Preview Assets.xcassets in Resources */ = {isa = PBXBuildFile; fileRef = 12DC40CB296DEC61006BFB71 /* Preview Assets.xcassets */; };
		12DC40D9296DEFDB006BFB71 /* Constants.swift in Sources */ = {isa = PBXBuildFile; fileRef = 12DC40D8296DEFDB006BFB71 /* Constants.swift */; };
		12DC40DB296DF053006BFB71 /* ServiceManager.swift in Sources */ = {isa = PBXBuildFile; fileRef = 12DC40DA296DF053006BFB71 /* ServiceManager.swift */; };
		12DC40DF296DF17F006BFB71 /* Router.swift in Sources */ = {isa = PBXBuildFile; fileRef = 12DC40DE296DF17F006BFB71 /* Router.swift */; };
		12DC40E2296DF4EA006BFB71 /* AuthViewModel.swift in Sources */ = {isa = PBXBuildFile; fileRef = 12DC40E1296DF4EA006BFB71 /* AuthViewModel.swift */; };
		12DC40E4296DF791006BFB71 /* AuthAPIResponses.swift in Sources */ = {isa = PBXBuildFile; fileRef = 12DC40E3296DF791006BFB71 /* AuthAPIResponses.swift */; };
		12DC40E6296DFCC7006BFB71 /* VerifyOTPView.swift in Sources */ = {isa = PBXBuildFile; fileRef = 12DC40E5296DFCC7006BFB71 /* VerifyOTPView.swift */; };
/* End PBXBuildFile section */

/* Begin PBXFileReference section */
		128709FF296F94090011BF60 /* DashboardTabView.swift */ = {isa = PBXFileReference; lastKnownFileType = sourcecode.swift; path = DashboardTabView.swift; sourceTree = "<group>"; };
		12870A02296F95F00011BF60 /* NoteView.swift */ = {isa = PBXFileReference; lastKnownFileType = sourcecode.swift; path = NoteView.swift; sourceTree = "<group>"; };
		12870A04296F97910011BF60 /* Extensions.swift */ = {isa = PBXFileReference; lastKnownFileType = sourcecode.swift; path = Extensions.swift; sourceTree = "<group>"; };
		12870A06296F9B050011BF60 /* NoteInviteChildView.swift */ = {isa = PBXFileReference; lastKnownFileType = sourcecode.swift; path = NoteInviteChildView.swift; sourceTree = "<group>"; };
		12870A08296FA3500011BF60 /* NoteLikesChildView.swift */ = {isa = PBXFileReference; lastKnownFileType = sourcecode.swift; path = NoteLikesChildView.swift; sourceTree = "<group>"; };
		129037BF296EA866005E946D /* NoteViewModel.swift */ = {isa = PBXFileReference; lastKnownFileType = sourcecode.swift; path = NoteViewModel.swift; sourceTree = "<group>"; };
		129037C1296EB16D005E946D /* NoteResponse.swift */ = {isa = PBXFileReference; lastKnownFileType = sourcecode.swift; path = NoteResponse.swift; sourceTree = "<group>"; };
		12DC40C1296DEC60006BFB71 /* AisleAssessment.app */ = {isa = PBXFileReference; explicitFileType = wrapper.application; includeInIndex = 0; path = AisleAssessment.app; sourceTree = BUILT_PRODUCTS_DIR; };
		12DC40C4296DEC60006BFB71 /* AisleAssessmentApp.swift */ = {isa = PBXFileReference; lastKnownFileType = sourcecode.swift; path = AisleAssessmentApp.swift; sourceTree = "<group>"; };
		12DC40C6296DEC60006BFB71 /* ContentView.swift */ = {isa = PBXFileReference; lastKnownFileType = sourcecode.swift; path = ContentView.swift; sourceTree = "<group>"; };
		12DC40C8296DEC61006BFB71 /* Assets.xcassets */ = {isa = PBXFileReference; lastKnownFileType = folder.assetcatalog; path = Assets.xcassets; sourceTree = "<group>"; };
		12DC40CB296DEC61006BFB71 /* Preview Assets.xcassets */ = {isa = PBXFileReference; lastKnownFileType = folder.assetcatalog; path = "Preview Assets.xcassets"; sourceTree = "<group>"; };
		12DC40D8296DEFDB006BFB71 /* Constants.swift */ = {isa = PBXFileReference; lastKnownFileType = sourcecode.swift; path = Constants.swift; sourceTree = "<group>"; };
		12DC40DA296DF053006BFB71 /* ServiceManager.swift */ = {isa = PBXFileReference; lastKnownFileType = sourcecode.swift; path = ServiceManager.swift; sourceTree = "<group>"; };
		12DC40DE296DF17F006BFB71 /* Router.swift */ = {isa = PBXFileReference; lastKnownFileType = sourcecode.swift; path = Router.swift; sourceTree = "<group>"; };
		12DC40E1296DF4EA006BFB71 /* AuthViewModel.swift */ = {isa = PBXFileReference; lastKnownFileType = sourcecode.swift; path = AuthViewModel.swift; sourceTree = "<group>"; };
		12DC40E3296DF791006BFB71 /* AuthAPIResponses.swift */ = {isa = PBXFileReference; lastKnownFileType = sourcecode.swift; path = AuthAPIResponses.swift; sourceTree = "<group>"; };
		12DC40E5296DFCC7006BFB71 /* VerifyOTPView.swift */ = {isa = PBXFileReference; lastKnownFileType = sourcecode.swift; path = VerifyOTPView.swift; sourceTree = "<group>"; };
		12DC40E7296E013C006BFB71 /* Info.plist */ = {isa = PBXFileReference; lastKnownFileType = text.plist; path = Info.plist; sourceTree = "<group>"; };
		6CF6C6934AC4782B680B2FAE /* Pods-AisleAssessment.debug.xcconfig */ = {isa = PBXFileReference; includeInIndex = 1; lastKnownFileType = text.xcconfig; name = "Pods-AisleAssessment.debug.xcconfig"; path = "Target Support Files/Pods-AisleAssessment/Pods-AisleAssessment.debug.xcconfig"; sourceTree = "<group>"; };
		B9EDF33B315215E68CB9B118 /* Pods-AisleAssessment.release.xcconfig */ = {isa = PBXFileReference; includeInIndex = 1; lastKnownFileType = text.xcconfig; name = "Pods-AisleAssessment.release.xcconfig"; path = "Target Support Files/Pods-AisleAssessment/Pods-AisleAssessment.release.xcconfig"; sourceTree = "<group>"; };
		E915F45F23A6DDA08685EEFE /* Pods_AisleAssessment.framework */ = {isa = PBXFileReference; explicitFileType = wrapper.framework; includeInIndex = 0; path = Pods_AisleAssessment.framework; sourceTree = BUILT_PRODUCTS_DIR; };
/* End PBXFileReference section */

/* Begin PBXFrameworksBuildPhase section */
		12DC40BE296DEC60006BFB71 /* Frameworks */ = {
			isa = PBXFrameworksBuildPhase;
			buildActionMask = 2147483647;
			files = (
				05EBE478BC03D9FA8D18CF42 /* Pods_AisleAssessment.framework in Frameworks */,
			);
			runOnlyForDeploymentPostprocessing = 0;
		};
/* End PBXFrameworksBuildPhase section */

/* Begin PBXGroup section */
		12870A01296F95A00011BF60 /* Dashboard */ = {
			isa = PBXGroup;
			children = (
				128709FF296F94090011BF60 /* DashboardTabView.swift */,
				12870A02296F95F00011BF60 /* NoteView.swift */,
				12870A06296F9B050011BF60 /* NoteInviteChildView.swift */,
				12870A08296FA3500011BF60 /* NoteLikesChildView.swift */,
			);
			path = Dashboard;
			sourceTree = "<group>";
		};
		12DC40B8296DEC5F006BFB71 = {
			isa = PBXGroup;
			children = (
				12DC40C3296DEC60006BFB71 /* AisleAssessment */,
				12DC40C2296DEC60006BFB71 /* Products */,
				F7ABE7A8E4DB3E15F35AB6EC /* Pods */,
				5E2B4C981F169AF1F2AE1563 /* Frameworks */,
			);
			sourceTree = "<group>";
		};
		12DC40C2296DEC60006BFB71 /* Products */ = {
			isa = PBXGroup;
			children = (
				12DC40C1296DEC60006BFB71 /* AisleAssessment.app */,
			);
			name = Products;
			sourceTree = "<group>";
		};
		12DC40C3296DEC60006BFB71 /* AisleAssessment */ = {
			isa = PBXGroup;
			children = (
				12DC40E7296E013C006BFB71 /* Info.plist */,
				12DC40C4296DEC60006BFB71 /* AisleAssessmentApp.swift */,
				12DC40D4296DEE32006BFB71 /* Model */,
				12DC40D2296DEE1F006BFB71 /* View */,
				12DC40D3296DEE2A006BFB71 /* ModelView */,
				12DC40D6296DEE5E006BFB71 /* Utils */,
				12DC40D5296DEE55006BFB71 /* Networking */,
				12DC40D7296DEE7F006BFB71 /* Fonts */,
				12DC40C8296DEC61006BFB71 /* Assets.xcassets */,
				12DC40CA296DEC61006BFB71 /* Preview Content */,
			);
			path = AisleAssessment;
			sourceTree = "<group>";
		};
		12DC40CA296DEC61006BFB71 /* Preview Content */ = {
			isa = PBXGroup;
			children = (
				12DC40CB296DEC61006BFB71 /* Preview Assets.xcassets */,
			);
			path = "Preview Content";
			sourceTree = "<group>";
		};
		12DC40D2296DEE1F006BFB71 /* View */ = {
			isa = PBXGroup;
			children = (
				12DC40C6296DEC60006BFB71 /* ContentView.swift */,
				12DC40E5296DFCC7006BFB71 /* VerifyOTPView.swift */,
				12870A01296F95A00011BF60 /* Dashboard */,
			);
			path = View;
			sourceTree = "<group>";
		};
		12DC40D3296DEE2A006BFB71 /* ModelView */ = {
			isa = PBXGroup;
			children = (
				12DC40E1296DF4EA006BFB71 /* AuthViewModel.swift */,
				129037BF296EA866005E946D /* NoteViewModel.swift */,
			);
			path = ModelView;
			sourceTree = "<group>";
		};
		12DC40D4296DEE32006BFB71 /* Model */ = {
			isa = PBXGroup;
			children = (
				12DC40E3296DF791006BFB71 /* AuthAPIResponses.swift */,
				129037C1296EB16D005E946D /* NoteResponse.swift */,
			);
			path = Model;
			sourceTree = "<group>";
		};
		12DC40D5296DEE55006BFB71 /* Networking */ = {
			isa = PBXGroup;
			children = (
				12DC40DA296DF053006BFB71 /* ServiceManager.swift */,
				12DC40DE296DF17F006BFB71 /* Router.swift */,
			);
			path = Networking;
			sourceTree = "<group>";
		};
		12DC40D6296DEE5E006BFB71 /* Utils */ = {
			isa = PBXGroup;
			children = (
				12DC40D8296DEFDB006BFB71 /* Constants.swift */,
				12870A04296F97910011BF60 /* Extensions.swift */,
			);
			path = Utils;
			sourceTree = "<group>";
		};
		12DC40D7296DEE7F006BFB71 /* Fonts */ = {
			isa = PBXGroup;
			children = (
			);
			path = Fonts;
			sourceTree = "<group>";
		};
		5E2B4C981F169AF1F2AE1563 /* Frameworks */ = {
			isa = PBXGroup;
			children = (
				E915F45F23A6DDA08685EEFE /* Pods_AisleAssessment.framework */,
			);
			name = Frameworks;
			sourceTree = "<group>";
		};
		F7ABE7A8E4DB3E15F35AB6EC /* Pods */ = {
			isa = PBXGroup;
			children = (
				6CF6C6934AC4782B680B2FAE /* Pods-AisleAssessment.debug.xcconfig */,
				B9EDF33B315215E68CB9B118 /* Pods-AisleAssessment.release.xcconfig */,
			);
			path = Pods;
			sourceTree = "<group>";
		};
/* End PBXGroup section */

/* Begin PBXNativeTarget section */
		12DC40C0296DEC60006BFB71 /* AisleAssessment */ = {
			isa = PBXNativeTarget;
			buildConfigurationList = 12DC40CF296DEC61006BFB71 /* Build configuration list for PBXNativeTarget "AisleAssessment" */;
			buildPhases = (
				E016E8F23142AB78CEDB475E /* [CP] Check Pods Manifest.lock */,
				12DC40BD296DEC60006BFB71 /* Sources */,
				12DC40BE296DEC60006BFB71 /* Frameworks */,
				12DC40BF296DEC60006BFB71 /* Resources */,
				5F0EF1B87895592D145CC9B2 /* [CP] Embed Pods Frameworks */,
			);
			buildRules = (
			);
			dependencies = (
			);
			name = AisleAssessment;
			productName = AisleAssessment;
			productReference = 12DC40C1296DEC60006BFB71 /* AisleAssessment.app */;
			productType = "com.apple.product-type.application";
		};
/* End PBXNativeTarget section */

/* Begin PBXProject section */
		12DC40B9296DEC5F006BFB71 /* Project object */ = {
			isa = PBXProject;
			attributes = {
				BuildIndependentTargetsInParallel = 1;
				LastSwiftUpdateCheck = 1320;
				LastUpgradeCheck = 1320;
				TargetAttributes = {
					12DC40C0296DEC60006BFB71 = {
						CreatedOnToolsVersion = 13.2.1;
					};
				};
			};
			buildConfigurationList = 12DC40BC296DEC5F006BFB71 /* Build configuration list for PBXProject "AisleAssessment" */;
			compatibilityVersion = "Xcode 13.0";
			developmentRegion = en;
			hasScannedForEncodings = 0;
			knownRegions = (
				en,
				Base,
			);
			mainGroup = 12DC40B8296DEC5F006BFB71;
			productRefGroup = 12DC40C2296DEC60006BFB71 /* Products */;
			projectDirPath = "";
			projectRoot = "";
			targets = (
				12DC40C0296DEC60006BFB71 /* AisleAssessment */,
			);
		};
/* End PBXProject section */

/* Begin PBXResourcesBuildPhase section */
		12DC40BF296DEC60006BFB71 /* Resources */ = {
			isa = PBXResourcesBuildPhase;
			buildActionMask = 2147483647;
			files = (
				12DC40CC296DEC61006BFB71 /* Preview Assets.xcassets in Resources */,
				12DC40C9296DEC61006BFB71 /* Assets.xcassets in Resources */,
			);
			runOnlyForDeploymentPostprocessing = 0;
		};
/* End PBXResourcesBuildPhase section */

/* Begin PBXShellScriptBuildPhase section */
		5F0EF1B87895592D145CC9B2 /* [CP] Embed Pods Frameworks */ = {
			isa = PBXShellScriptBuildPhase;
			buildActionMask = 2147483647;
			files = (
			);
			inputFileListPaths = (
				"${PODS_ROOT}/Target Support Files/Pods-AisleAssessment/Pods-AisleAssessment-frameworks-${CONFIGURATION}-input-files.xcfilelist",
			);
			name = "[CP] Embed Pods Frameworks";
			outputFileListPaths = (
				"${PODS_ROOT}/Target Support Files/Pods-AisleAssessment/Pods-AisleAssessment-frameworks-${CONFIGURATION}-output-files.xcfilelist",
			);
			runOnlyForDeploymentPostprocessing = 0;
			shellPath = /bin/sh;
			shellScript = "\"${PODS_ROOT}/Target Support Files/Pods-AisleAssessment/Pods-AisleAssessment-frameworks.sh\"\n";
			showEnvVarsInLog = 0;
		};
		E016E8F23142AB78CEDB475E /* [CP] Check Pods Manifest.lock */ = {
			isa = PBXShellScriptBuildPhase;
			buildActionMask = 2147483647;
			files = (
			);
			inputFileListPaths = (
			);
			inputPaths = (
				"${PODS_PODFILE_DIR_PATH}/Podfile.lock",
				"${PODS_ROOT}/Manifest.lock",
			);
			name = "[CP] Check Pods Manifest.lock";
			outputFileListPaths = (
			);
			outputPaths = (
				"$(DERIVED_FILE_DIR)/Pods-AisleAssessment-checkManifestLockResult.txt",
			);
			runOnlyForDeploymentPostprocessing = 0;
			shellPath = /bin/sh;
			shellScript = "diff \"${PODS_PODFILE_DIR_PATH}/Podfile.lock\" \"${PODS_ROOT}/Manifest.lock\" > /dev/null\nif [ $? != 0 ] ; then\n    # print error to STDERR\n    echo \"error: The sandbox is not in sync with the Podfile.lock. Run 'pod install' or update your CocoaPods installation.\" >&2\n    exit 1\nfi\n# This output is used by Xcode 'outputs' to avoid re-running this script phase.\necho \"SUCCESS\" > \"${SCRIPT_OUTPUT_FILE_0}\"\n";
			showEnvVarsInLog = 0;
		};
/* End PBXShellScriptBuildPhase section */

/* Begin PBXSourcesBuildPhase section */
		12DC40BD296DEC60006BFB71 /* Sources */ = {
			isa = PBXSourcesBuildPhase;
			buildActionMask = 2147483647;
			files = (
				12DC40E4296DF791006BFB71 /* AuthAPIResponses.swift in Sources */,
				12870A09296FA3500011BF60 /* NoteLikesChildView.swift in Sources */,
				12DC40E6296DFCC7006BFB71 /* VerifyOTPView.swift in Sources */,
				12870A03296F95F00011BF60 /* NoteView.swift in Sources */,
				129037C0296EA866005E946D /* NoteViewModel.swift in Sources */,
				12DC40C7296DEC60006BFB71 /* ContentView.swift in Sources */,
				12870A00296F94090011BF60 /* DashboardTabView.swift in Sources */,
				12DC40C5296DEC60006BFB71 /* AisleAssessmentApp.swift in Sources */,
				12DC40DF296DF17F006BFB71 /* Router.swift in Sources */,
				12870A07296F9B050011BF60 /* NoteInviteChildView.swift in Sources */,
				12870A05296F97910011BF60 /* Extensions.swift in Sources */,
				129037C2296EB16D005E946D /* NoteResponse.swift in Sources */,
				12DC40D9296DEFDB006BFB71 /* Constants.swift in Sources */,
				12DC40E2296DF4EA006BFB71 /* AuthViewModel.swift in Sources */,
				12DC40DB296DF053006BFB71 /* ServiceManager.swift in Sources */,
			);
			runOnlyForDeploymentPostprocessing = 0;
		};
/* End PBXSourcesBuildPhase section */

/* Begin XCBuildConfiguration section */
		12DC40CD296DEC61006BFB71 /* Debug */ = {
			isa = XCBuildConfiguration;
			buildSettings = {
				ALWAYS_SEARCH_USER_PATHS = NO;
				CLANG_ANALYZER_NONNULL = YES;
				CLANG_ANALYZER_NUMBER_OBJECT_CONVERSION = YES_AGGRESSIVE;
				CLANG_CXX_LANGUAGE_STANDARD = "gnu++17";
				CLANG_CXX_LIBRARY = "libc++";
				CLANG_ENABLE_MODULES = YES;
				CLANG_ENABLE_OBJC_ARC = YES;
				CLANG_ENABLE_OBJC_WEAK = YES;
				CLANG_WARN_BLOCK_CAPTURE_AUTORELEASING = YES;
				CLANG_WARN_BOOL_CONVERSION = YES;
				CLANG_WARN_COMMA = YES;
				CLANG_WARN_CONSTANT_CONVERSION = YES;
				CLANG_WARN_DEPRECATED_OBJC_IMPLEMENTATIONS = YES;
				CLANG_WARN_DIRECT_OBJC_ISA_USAGE = YES_ERROR;
				CLANG_WARN_DOCUMENTATION_COMMENTS = YES;
				CLANG_WARN_EMPTY_BODY = YES;
				CLANG_WARN_ENUM_CONVERSION = YES;
				CLANG_WARN_INFINITE_RECURSION = YES;
				CLANG_WARN_INT_CONVERSION = YES;
				CLANG_WARN_NON_LITERAL_NULL_CONVERSION = YES;
				CLANG_WARN_OBJC_IMPLICIT_RETAIN_SELF = YES;
				CLANG_WARN_OBJC_LITERAL_CONVERSION = YES;
				CLANG_WARN_OBJC_ROOT_CLASS = YES_ERROR;
				CLANG_WARN_QUOTED_INCLUDE_IN_FRAMEWORK_HEADER = YES;
				CLANG_WARN_RANGE_LOOP_ANALYSIS = YES;
				CLANG_WARN_STRICT_PROTOTYPES = YES;
				CLANG_WARN_SUSPICIOUS_MOVE = YES;
				CLANG_WARN_UNGUARDED_AVAILABILITY = YES_AGGRESSIVE;
				CLANG_WARN_UNREACHABLE_CODE = YES;
				CLANG_WARN__DUPLICATE_METHOD_MATCH = YES;
				COPY_PHASE_STRIP = NO;
				DEBUG_INFORMATION_FORMAT = dwarf;
				ENABLE_STRICT_OBJC_MSGSEND = YES;
				ENABLE_TESTABILITY = YES;
				GCC_C_LANGUAGE_STANDARD = gnu11;
				GCC_DYNAMIC_NO_PIC = NO;
				GCC_NO_COMMON_BLOCKS = YES;
				GCC_OPTIMIZATION_LEVEL = 0;
				GCC_PREPROCESSOR_DEFINITIONS = (
					"DEBUG=1",
					"$(inherited)",
				);
				GCC_WARN_64_TO_32_BIT_CONVERSION = YES;
				GCC_WARN_ABOUT_RETURN_TYPE = YES_ERROR;
				GCC_WARN_UNDECLARED_SELECTOR = YES;
				GCC_WARN_UNINITIALIZED_AUTOS = YES_AGGRESSIVE;
				GCC_WARN_UNUSED_FUNCTION = YES;
				GCC_WARN_UNUSED_VARIABLE = YES;
				IPHONEOS_DEPLOYMENT_TARGET = 15.2;
				MTL_ENABLE_DEBUG_INFO = INCLUDE_SOURCE;
				MTL_FAST_MATH = YES;
				ONLY_ACTIVE_ARCH = YES;
				SDKROOT = iphoneos;
				SWIFT_ACTIVE_COMPILATION_CONDITIONS = DEBUG;
				SWIFT_OPTIMIZATION_LEVEL = "-Onone";
			};
			name = Debug;
		};
		12DC40CE296DEC61006BFB71 /* Release */ = {
			isa = XCBuildConfiguration;
			buildSettings = {
				ALWAYS_SEARCH_USER_PATHS = NO;
				CLANG_ANALYZER_NONNULL = YES;
				CLANG_ANALYZER_NUMBER_OBJECT_CONVERSION = YES_AGGRESSIVE;
				CLANG_CXX_LANGUAGE_STANDARD = "gnu++17";
				CLANG_CXX_LIBRARY = "libc++";
				CLANG_ENABLE_MODULES = YES;
				CLANG_ENABLE_OBJC_ARC = YES;
				CLANG_ENABLE_OBJC_WEAK = YES;
				CLANG_WARN_BLOCK_CAPTURE_AUTORELEASING = YES;
				CLANG_WARN_BOOL_CONVERSION = YES;
				CLANG_WARN_COMMA = YES;
				CLANG_WARN_CONSTANT_CONVERSION = YES;
				CLANG_WARN_DEPRECATED_OBJC_IMPLEMENTATIONS = YES;
				CLANG_WARN_DIRECT_OBJC_ISA_USAGE = YES_ERROR;
				CLANG_WARN_DOCUMENTATION_COMMENTS = YES;
				CLANG_WARN_EMPTY_BODY = YES;
				CLANG_WARN_ENUM_CONVERSION = YES;
				CLANG_WARN_INFINITE_RECURSION = YES;
				CLANG_WARN_INT_CONVERSION = YES;
				CLANG_WARN_NON_LITERAL_NULL_CONVERSION = YES;
				CLANG_WARN_OBJC_IMPLICIT_RETAIN_SELF = YES;
				CLANG_WARN_OBJC_LITERAL_CONVERSION = YES;
				CLANG_WARN_OBJC_ROOT_CLASS = YES_ERROR;
				CLANG_WARN_QUOTED_INCLUDE_IN_FRAMEWORK_HEADER = YES;
				CLANG_WARN_RANGE_LOOP_ANALYSIS = YES;
				CLANG_WARN_STRICT_PROTOTYPES = YES;
				CLANG_WARN_SUSPICIOUS_MOVE = YES;
				CLANG_WARN_UNGUARDED_AVAILABILITY = YES_AGGRESSIVE;
				CLANG_WARN_UNREACHABLE_CODE = YES;
				CLANG_WARN__DUPLICATE_METHOD_MATCH = YES;
				COPY_PHASE_STRIP = NO;
				DEBUG_INFORMATION_FORMAT = "dwarf-with-dsym";
				ENABLE_NS_ASSERTIONS = NO;
				ENABLE_STRICT_OBJC_MSGSEND = YES;
				GCC_C_LANGUAGE_STANDARD = gnu11;
				GCC_NO_COMMON_BLOCKS = YES;
				GCC_WARN_64_TO_32_BIT_CONVERSION = YES;
				GCC_WARN_ABOUT_RETURN_TYPE = YES_ERROR;
				GCC_WARN_UNDECLARED_SELECTOR = YES;
				GCC_WARN_UNINITIALIZED_AUTOS = YES_AGGRESSIVE;
				GCC_WARN_UNUSED_FUNCTION = YES;
				GCC_WARN_UNUSED_VARIABLE = YES;
				IPHONEOS_DEPLOYMENT_TARGET = 15.2;
				MTL_ENABLE_DEBUG_INFO = NO;
				MTL_FAST_MATH = YES;
				SDKROOT = iphoneos;
				SWIFT_COMPILATION_MODE = wholemodule;
				SWIFT_OPTIMIZATION_LEVEL = "-O";
				VALIDATE_PRODUCT = YES;
			};
			name = Release;
		};
		12DC40D0296DEC61006BFB71 /* Debug */ = {
			isa = XCBuildConfiguration;
			baseConfigurationReference = 6CF6C6934AC4782B680B2FAE /* Pods-AisleAssessment.debug.xcconfig */;
			buildSettings = {
				ASSETCATALOG_COMPILER_APPICON_NAME = AppIcon;
				ASSETCATALOG_COMPILER_GLOBAL_ACCENT_COLOR_NAME = AccentColor;
				CODE_SIGN_STYLE = Automatic;
				CURRENT_PROJECT_VERSION = 1;
				DEVELOPMENT_ASSET_PATHS = "\"AisleAssessment/Preview Content\"";
				ENABLE_PREVIEWS = YES;
				GENERATE_INFOPLIST_FILE = YES;
				INFOPLIST_FILE = AisleAssessment/Info.plist;
				INFOPLIST_KEY_UIApplicationSceneManifest_Generation = YES;
				INFOPLIST_KEY_UIApplicationSupportsIndirectInputEvents = YES;
				INFOPLIST_KEY_UILaunchScreen_Generation = YES;
				INFOPLIST_KEY_UISupportedInterfaceOrientations_iPad = "UIInterfaceOrientationPortrait UIInterfaceOrientationPortraitUpsideDown UIInterfaceOrientationLandscapeLeft UIInterfaceOrientationLandscapeRight";
				INFOPLIST_KEY_UISupportedInterfaceOrientations_iPhone = "UIInterfaceOrientationPortrait UIInterfaceOrientationLandscapeLeft UIInterfaceOrientationLandscapeRight";
				LD_RUNPATH_SEARCH_PATHS = (
					"$(inherited)",
					"@executable_path/Frameworks",
				);
				MARKETING_VERSION = 1.0;
				PRODUCT_BUNDLE_IDENTIFIER = minder.AisleAssessment;
				PRODUCT_NAME = "$(TARGET_NAME)";
				SWIFT_EMIT_LOC_STRINGS = YES;
				SWIFT_VERSION = 5.0;
				TARGETED_DEVICE_FAMILY = "1,2";
			};
			name = Debug;
		};
		12DC40D1296DEC61006BFB71 /* Release */ = {
			isa = XCBuildConfiguration;
			baseConfigurationReference = B9EDF33B315215E68CB9B118 /* Pods-AisleAssessment.release.xcconfig */;
			buildSettings = {
				ASSETCATALOG_COMPILER_APPICON_NAME = AppIcon;
				ASSETCATALOG_COMPILER_GLOBAL_ACCENT_COLOR_NAME = AccentColor;
				CODE_SIGN_STYLE = Automatic;
				CURRENT_PROJECT_VERSION = 1;
				DEVELOPMENT_ASSET_PATHS = "\"AisleAssessment/Preview Content\"";
				ENABLE_PREVIEWS = YES;
				GENERATE_INFOPLIST_FILE = YES;
				INFOPLIST_FILE = AisleAssessment/Info.plist;
				INFOPLIST_KEY_UIApplicationSceneManifest_Generation = YES;
				INFOPLIST_KEY_UIApplicationSupportsIndirectInputEvents = YES;
				INFOPLIST_KEY_UILaunchScreen_Generation = YES;
				INFOPLIST_KEY_UISupportedInterfaceOrientations_iPad = "UIInterfaceOrientationPortrait UIInterfaceOrientationPortraitUpsideDown UIInterfaceOrientationLandscapeLeft UIInterfaceOrientationLandscapeRight";
				INFOPLIST_KEY_UISupportedInterfaceOrientations_iPhone = "UIInterfaceOrientationPortrait UIInterfaceOrientationLandscapeLeft UIInterfaceOrientationLandscapeRight";
				LD_RUNPATH_SEARCH_PATHS = (
					"$(inherited)",
					"@executable_path/Frameworks",
				);
				MARKETING_VERSION = 1.0;
				PRODUCT_BUNDLE_IDENTIFIER = minder.AisleAssessment;
				PRODUCT_NAME = "$(TARGET_NAME)";
				SWIFT_EMIT_LOC_STRINGS = YES;
				SWIFT_VERSION = 5.0;
				TARGETED_DEVICE_FAMILY = "1,2";
			};
			name = Release;
		};
/* End XCBuildConfiguration section */

/* Begin XCConfigurationList section */
		12DC40BC296DEC5F006BFB71 /* Build configuration list for PBXProject "AisleAssessment" */ = {
			isa = XCConfigurationList;
			buildConfigurations = (
				12DC40CD296DEC61006BFB71 /* Debug */,
				12DC40CE296DEC61006BFB71 /* Release */,
			);
			defaultConfigurationIsVisible = 0;
			defaultConfigurationName = Release;
		};
		12DC40CF296DEC61006BFB71 /* Build configuration list for PBXNativeTarget "AisleAssessment" */ = {
			isa = XCConfigurationList;
			buildConfigurations = (
				12DC40D0296DEC61006BFB71 /* Debug */,
				12DC40D1296DEC61006BFB71 /* Release */,
			);
			defaultConfigurationIsVisible = 0;
			defaultConfigurationName = Release;
		};
/* End XCConfigurationList section */
	};
	rootObject = 12DC40B9296DEC5F006BFB71 /* Project object */;
}
